
Microsoft Visual Studio Solution File, Format Version 12.00
Project("{FAE04EC0-301F-11D3-BF4B-00C04F79EFBC}") = "RimworldAIHelper", "RimworldAIHelper.csproj", "{406D374F-FD9D-4877-9AE6-45253B8E3B6A}"
EndProject
Global
	GlobalSection(SolutionConfigurationPlatforms) = preSolution
		Debug|Any CPU = Debug|Any CPU
		Release|Any CPU = Release|Any CPU
	EndGlobalSection
	GlobalSection(ProjectConfigurationPlatforms) = postSolution
		{406D374F-FD9D-4877-9AE6-45253B8E3B6A}.Debug|Any CPU.ActiveCfg = Debug|Any CPU
		{406D374F-FD9D-4877-9AE6-45253B8E3B6A}.Debug|Any CPU.Build.0 = Debug|Any CPU
		{406D374F-FD9D-4877-9AE6-45253B8E3B6A}.Release|Any CPU.ActiveCfg = Release|Any CPU
		{406D374F-FD9D-4877-9AE6-45253B8E3B6A}.Release|Any CPU.Build.0 = Release|Any CPU
	EndGlobalSection
EndGlobal
